
Microsoft Visual Studio Solution File, Format Version 12.00
# Visual Studio Version 17
VisualStudioVersion = 17.8.34309.116
MinimumVisualStudioVersion = 10.0.40219.1
Project("{9A19103F-16F7-4668-BE54-9A1E7A4F7556}") = "BotController", "BotController\BotController.csproj", "{C05CFC70-97F0-46F2-9820-2F586CC528FC}"
EndProject
Global
	GlobalSection(SolutionConfigurationPlatforms) = preSolution
		Debug|Any CPU = Debug|Any CPU
		Release|Any CPU = Release|Any CPU
	EndGlobalSection
	GlobalSection(ProjectConfigurationPlatforms) = postSolution
		{C05CFC70-97F0-46F2-9820-2F586CC528FC}.Debug|Any CPU.ActiveCfg = Debug|Any CPU
		{C05CFC70-97F0-46F2-9820-2F586CC528FC}.Debug|Any CPU.Build.0 = Debug|Any CPU
		{C05CFC70-97F0-46F2-9820-2F586CC528FC}.Debug|Any CPU.Deploy.0 = Debug|Any CPU
		{C05CFC70-97F0-46F2-9820-2F586CC528FC}.Release|Any CPU.ActiveCfg = Release|Any CPU
		{C05CFC70-97F0-46F2-9820-2F586CC528FC}.Release|Any CPU.Build.0 = Release|Any CPU
		{C05CFC70-97F0-46F2-9820-2F586CC528FC}.Release|Any CPU.Deploy.0 = Release|Any CPU
	EndGlobalSection
	GlobalSection(SolutionProperties) = preSolution
		HideSolutionNode = FALSE
	EndGlobalSection
	GlobalSection(ExtensibilityGlobals) = postSolution
		SolutionGuid = {7A5292F8-FCE9-4708-A187-BCC7454C600B}
	EndGlobalSection
EndGlobal
